
Microsoft Visual Studio Solution File, Format Version 12.00
# Visual Studio 14
VisualStudioVersion = 14.0.25420.1
MinimumVisualStudioVersion = 10.0.40219.1
Project("{FAE04EC0-301F-11D3-BF4B-00C04F79EFBC}") = "BLL", "BLL\BLL.csproj", "{F3060BC7-C366-4669-A257-47BCA5732517}"
EndProject
Project("{FAE04EC0-301F-11D3-BF4B-00C04F79EFBC}") = "b", "b\b.csproj", "{BC27AABB-5F21-44F7-87AA-FFC462A0C476}"
EndProject
Project("{FAE04EC0-301F-11D3-BF4B-00C04F79EFBC}") = "ClassLibrary1", "ClassLibrary1\ClassLibrary1.csproj", "{9E801E0C-E444-47B7-8298-8BD03F6FFC2E}"
EndProject
Project("{FAE04EC0-301F-11D3-BF4B-00C04F79EFBC}") = "ClassLibrary2", "ClassLibrary2\ClassLibrary2.csproj", "{A5C635B5-6222-45B8-80D0-BA99D9CF5F3C}"
EndProject
Project("{FAE04EC0-301F-11D3-BF4B-00C04F79EFBC}") = "ClassLibrary3", "ClassLibrary3\ClassLibrary3.csproj", "{33866131-40DC-4C72-ACEE-64D515DF1342}"
EndProject
Project("{FAE04EC0-301F-11D3-BF4B-00C04F79EFBC}") = "ClassLibrary4", "ClassLibrary4\ClassLibrary4.csproj", "{C9449C64-9EA3-4596-AC1B-6516F750E087}"
EndProject
Global
	GlobalSection(SolutionConfigurationPlatforms) = preSolution
		Debug|Any CPU = Debug|Any CPU
		Release|Any CPU = Release|Any CPU
	EndGlobalSection
	GlobalSection(ProjectConfigurationPlatforms) = postSolution
		{F3060BC7-C366-4669-A257-47BCA5732517}.Debug|Any CPU.ActiveCfg = Debug|Any CPU
		{F3060BC7-C366-4669-A257-47BCA5732517}.Debug|Any CPU.Build.0 = Debug|Any CPU
		{F3060BC7-C366-4669-A257-47BCA5732517}.Release|Any CPU.ActiveCfg = Release|Any CPU
		{F3060BC7-C366-4669-A257-47BCA5732517}.Release|Any CPU.Build.0 = Release|Any CPU
		{BC27AABB-5F21-44F7-87AA-FFC462A0C476}.Debug|Any CPU.ActiveCfg = Debug|Any CPU
		{BC27AABB-5F21-44F7-87AA-FFC462A0C476}.Debug|Any CPU.Build.0 = Debug|Any CPU
		{BC27AABB-5F21-44F7-87AA-FFC462A0C476}.Release|Any CPU.ActiveCfg = Release|Any CPU
		{BC27AABB-5F21-44F7-87AA-FFC462A0C476}.Release|Any CPU.Build.0 = Release|Any CPU
		{9E801E0C-E444-47B7-8298-8BD03F6FFC2E}.Debug|Any CPU.ActiveCfg = Debug|Any CPU
		{9E801E0C-E444-47B7-8298-8BD03F6FFC2E}.Debug|Any CPU.Build.0 = Debug|Any CPU
		{9E801E0C-E444-47B7-8298-8BD03F6FFC2E}.Release|Any CPU.ActiveCfg = Release|Any CPU
		{9E801E0C-E444-47B7-8298-8BD03F6FFC2E}.Release|Any CPU.Build.0 = Release|Any CPU
		{A5C635B5-6222-45B8-80D0-BA99D9CF5F3C}.Debug|Any CPU.ActiveCfg = Debug|Any CPU
		{A5C635B5-6222-45B8-80D0-BA99D9CF5F3C}.Debug|Any CPU.Build.0 = Debug|Any CPU
		{A5C635B5-6222-45B8-80D0-BA99D9CF5F3C}.Release|Any CPU.ActiveCfg = Release|Any CPU
		{A5C635B5-6222-45B8-80D0-BA99D9CF5F3C}.Release|Any CPU.Build.0 = Release|Any CPU
		{33866131-40DC-4C72-ACEE-64D515DF1342}.Debug|Any CPU.ActiveCfg = Debug|Any CPU
		{33866131-40DC-4C72-ACEE-64D515DF1342}.Debug|Any CPU.Build.0 = Debug|Any CPU
		{33866131-40DC-4C72-ACEE-64D515DF1342}.Release|Any CPU.ActiveCfg = Release|Any CPU
		{33866131-40DC-4C72-ACEE-64D515DF1342}.Release|Any CPU.Build.0 = Release|Any CPU
		{C9449C64-9EA3-4596-AC1B-6516F750E087}.Debug|Any CPU.ActiveCfg = Debug|Any CPU
		{C9449C64-9EA3-4596-AC1B-6516F750E087}.Debug|Any CPU.Build.0 = Debug|Any CPU
		{C9449C64-9EA3-4596-AC1B-6516F750E087}.Release|Any CPU.ActiveCfg = Release|Any CPU
		{C9449C64-9EA3-4596-AC1B-6516F750E087}.Release|Any CPU.Build.0 = Release|Any CPU
	EndGlobalSection
	GlobalSection(SolutionProperties) = preSolution
		HideSolutionNode = FALSE
	EndGlobalSection
EndGlobal
